
Microsoft Visual Studio Solution File, Format Version 12.00
# Visual Studio Version 17
VisualStudioVersion = 17.13.36105.23 d17.13
MinimumVisualStudioVersion = 10.0.40219.1
Project("{FAE04EC0-301F-11D3-BF4B-00C04F79EFBC}") = "Austral.Restaurant.API", "Austral.Restaurant.API.csproj", "{B00F1E31-6739-0600-16A2-1E06D9036332}"
EndProject
Global
	GlobalSection(SolutionConfigurationPlatforms) = preSolution
		Debug|Any CPU = Debug|Any CPU
		Release|Any CPU = Release|Any CPU
	EndGlobalSection
	GlobalSection(ProjectConfigurationPlatforms) = postSolution
		{B00F1E31-6739-0600-16A2-1E06D9036332}.Debug|Any CPU.ActiveCfg = Debug|Any CPU
		{B00F1E31-6739-0600-16A2-1E06D9036332}.Debug|Any CPU.Build.0 = Debug|Any CPU
		{B00F1E31-6739-0600-16A2-1E06D9036332}.Release|Any CPU.ActiveCfg = Release|Any CPU
		{B00F1E31-6739-0600-16A2-1E06D9036332}.Release|Any CPU.Build.0 = Release|Any CPU
	EndGlobalSection
	GlobalSection(SolutionProperties) = preSolution
		HideSolutionNode = FALSE
	EndGlobalSection
	GlobalSection(ExtensibilityGlobals) = postSolution
		SolutionGuid = {4FDEAEE7-6E11-425D-ADD4-9768C13B0FFE}
	EndGlobalSection
EndGlobal
